
Microsoft Visual Studio Solution File, Format Version 12.00
# Visual Studio Version 17
VisualStudioVersion = 17.14.36203.30 d17.14
MinimumVisualStudioVersion = 10.0.40219.1
Project("{FAE04EC0-301F-11D3-BF4B-00C04F79EFBC}") = "TestUmbPro", "TestUmbPro.csproj", "{E883C223-981E-668F-146D-4E82293AA4DE}"
EndProject
Global
	GlobalSection(SolutionConfigurationPlatforms) = preSolution
		Debug|Any CPU = Debug|Any CPU
		Release|Any CPU = Release|Any CPU
	EndGlobalSection
	GlobalSection(ProjectConfigurationPlatforms) = postSolution
		{E883C223-981E-668F-146D-4E82293AA4DE}.Debug|Any CPU.ActiveCfg = Debug|Any CPU
		{E883C223-981E-668F-146D-4E82293AA4DE}.Debug|Any CPU.Build.0 = Debug|Any CPU
		{E883C223-981E-668F-146D-4E82293AA4DE}.Release|Any CPU.ActiveCfg = Release|Any CPU
		{E883C223-981E-668F-146D-4E82293AA4DE}.Release|Any CPU.Build.0 = Release|Any CPU
	EndGlobalSection
	GlobalSection(SolutionProperties) = preSolution
		HideSolutionNode = FALSE
	EndGlobalSection
	GlobalSection(ExtensibilityGlobals) = postSolution
		SolutionGuid = {4C33DE63-9BD8-4368-9186-FECDCF445E3B}
	EndGlobalSection
EndGlobal
